
Microsoft Visual Studio Solution File, Format Version 12.00
# Visual Studio Version 17
VisualStudioVersion = 17.0.32126.317
MinimumVisualStudioVersion = 10.0.40219.1
Project("{FAE04EC0-301F-11D3-BF4B-00C04F79EFBC}") = "CaixaEletronico", "Contador de notas\CaixaEletronico.csproj", "{19A97D4E-F077-49CF-A54E-C9C08F1F9602}"
EndProject
Global
	GlobalSection(SolutionConfigurationPlatforms) = preSolution
		Debug|Any CPU = Debug|Any CPU
		Release|Any CPU = Release|Any CPU
	EndGlobalSection
	GlobalSection(ProjectConfigurationPlatforms) = postSolution
		{19A97D4E-F077-49CF-A54E-C9C08F1F9602}.Debug|Any CPU.ActiveCfg = Debug|Any CPU
		{19A97D4E-F077-49CF-A54E-C9C08F1F9602}.Debug|Any CPU.Build.0 = Debug|Any CPU
		{19A97D4E-F077-49CF-A54E-C9C08F1F9602}.Release|Any CPU.ActiveCfg = Release|Any CPU
		{19A97D4E-F077-49CF-A54E-C9C08F1F9602}.Release|Any CPU.Build.0 = Release|Any CPU
	EndGlobalSection
	GlobalSection(SolutionProperties) = preSolution
		HideSolutionNode = FALSE
	EndGlobalSection
	GlobalSection(ExtensibilityGlobals) = postSolution
		SolutionGuid = {A3DABD71-9FCA-4C9B-AC91-BBFE5397FED9}
	EndGlobalSection
EndGlobal
