
Microsoft Visual Studio Solution File, Format Version 12.00
# Visual Studio Version 17
VisualStudioVersion = 17.0.32126.317
MinimumVisualStudioVersion = 10.0.40219.1
Project("{FAE04EC0-301F-11D3-BF4B-00C04F79EFBC}") = "CKFah", "CKFah\CKFah.csproj", "{6860B8C6-EC3F-45D1-B38E-F9AD89FA6504}"
EndProject
Global
	GlobalSection(SolutionConfigurationPlatforms) = preSolution
		Debug|Any CPU = Debug|Any CPU
		Release|Any CPU = Release|Any CPU
	EndGlobalSection
	GlobalSection(ProjectConfigurationPlatforms) = postSolution
		{6860B8C6-EC3F-45D1-B38E-F9AD89FA6504}.Debug|Any CPU.ActiveCfg = Debug|Any CPU
		{6860B8C6-EC3F-45D1-B38E-F9AD89FA6504}.Debug|Any CPU.Build.0 = Debug|Any CPU
		{6860B8C6-EC3F-45D1-B38E-F9AD89FA6504}.Release|Any CPU.ActiveCfg = Release|Any CPU
		{6860B8C6-EC3F-45D1-B38E-F9AD89FA6504}.Release|Any CPU.Build.0 = Release|Any CPU
	EndGlobalSection
	GlobalSection(SolutionProperties) = preSolution
		HideSolutionNode = FALSE
	EndGlobalSection
	GlobalSection(ExtensibilityGlobals) = postSolution
		SolutionGuid = {2B7B6007-98E9-42FA-83EC-770C59BE0F79}
	EndGlobalSection
EndGlobal
